
Microsoft Visual Studio Solution File, Format Version 12.00
# Visual Studio Version 17
VisualStudioVersion = 17.0.31903.59
MinimumVisualStudioVersion = 10.0.40219.1
Project("{2150E333-8FDC-42A3-9474-1A3956D46DE8}") = "src", "src", "{827E0CD3-B72D-47B6-A68D-7590B98EB39B}"
EndProject
Project("{FAE04EC0-301F-11D3-BF4B-00C04F79EFBC}") = "Net.Agora.Video", "src\Net.Agora.Video\Net.Agora.Video.csproj", "{F6326545-104F-41D4-A111-B0152B49AF86}"
EndProject
Project("{FAE04EC0-301F-11D3-BF4B-00C04F79EFBC}") = "Net.Agora.Video.Maui", "src\Net.Agora.Video.Maui\Net.Agora.Video.Maui.csproj", "{E0B73960-513A-4045-9943-C691094FE19C}"
EndProject
Project("{2150E333-8FDC-42A3-9474-1A3956D46DE8}") = "tests", "tests", "{0AB3BF05-4346-4AA6-1389-037BE0695223}"
EndProject
Project("{FAE04EC0-301F-11D3-BF4B-00C04F79EFBC}") = "Net.Agora.PackageTests", "tests\Net.Agora.PackageTests\Net.Agora.PackageTests.csproj", "{4461748A-8D85-4D3B-9809-D82737CA5E02}"
EndProject
Project("{FAE04EC0-301F-11D3-BF4B-00C04F79EFBC}") = "Net.Agora.UnitTests", "tests\Net.Agora.UnitTests\Net.Agora.UnitTests.csproj", "{A1B2C3D4-1111-4A5B-9C6D-7E8F90112233}"
EndProject
Project("{FAE04EC0-301F-11D3-BF4B-00C04F79EFBC}") = "Net.Agora.DeviceTests", "tests\Net.Agora.DeviceTests\Net.Agora.DeviceTests.csproj", "{A1B2C3D4-2222-4A5B-9C6D-7E8F90112233}"
EndProject
Project("{FAE04EC0-301F-11D3-BF4B-00C04F79EFBC}") = "Net.Agora.Voice", "src\Net.Agora.Voice\Net.Agora.Voice.csproj", "{2D2684F2-9C4E-4E17-8F8F-6AF1A9D99B7C}"
EndProject
Project("{FAE04EC0-301F-11D3-BF4B-00C04F79EFBC}") = "Net.Agora.Voice.Maui", "src\Net.Agora.Voice.Maui\Net.Agora.Voice.Maui.csproj", "{EB68396A-A7C0-48EB-BFE2-BA5589881575}"
EndProject
Global
	GlobalSection(SolutionConfigurationPlatforms) = preSolution
		Debug|Any CPU = Debug|Any CPU
		Debug|x64 = Debug|x64
		Debug|x86 = Debug|x86
		Release|Any CPU = Release|Any CPU
		Release|x64 = Release|x64
		Release|x86 = Release|x86
	EndGlobalSection
	GlobalSection(ProjectConfigurationPlatforms) = postSolution
		{F6326545-104F-41D4-A111-B0152B49AF86}.Debug|Any CPU.ActiveCfg = Debug|Any CPU
		{F6326545-104F-41D4-A111-B0152B49AF86}.Debug|Any CPU.Build.0 = Debug|Any CPU
		{F6326545-104F-41D4-A111-B0152B49AF86}.Debug|x64.ActiveCfg = Debug|Any CPU
		{F6326545-104F-41D4-A111-B0152B49AF86}.Debug|x64.Build.0 = Debug|Any CPU
		{F6326545-104F-41D4-A111-B0152B49AF86}.Debug|x86.ActiveCfg = Debug|Any CPU
		{F6326545-104F-41D4-A111-B0152B49AF86}.Debug|x86.Build.0 = Debug|Any CPU
		{F6326545-104F-41D4-A111-B0152B49AF86}.Release|Any CPU.ActiveCfg = Release|Any CPU
		{F6326545-104F-41D4-A111-B0152B49AF86}.Release|Any CPU.Build.0 = Release|Any CPU
		{F6326545-104F-41D4-A111-B0152B49AF86}.Release|x64.ActiveCfg = Release|Any CPU
		{F6326545-104F-41D4-A111-B0152B49AF86}.Release|x64.Build.0 = Release|Any CPU
		{F6326545-104F-41D4-A111-B0152B49AF86}.Release|x86.ActiveCfg = Release|Any CPU
		{F6326545-104F-41D4-A111-B0152B49AF86}.Release|x86.Build.0 = Release|Any CPU
		{E0B73960-513A-4045-9943-C691094FE19C}.Debug|Any CPU.ActiveCfg = Debug|Any CPU
		{E0B73960-513A-4045-9943-C691094FE19C}.Debug|Any CPU.Build.0 = Debug|Any CPU
		{E0B73960-513A-4045-9943-C691094FE19C}.Debug|x64.ActiveCfg = Debug|Any CPU
		{E0B73960-513A-4045-9943-C691094FE19C}.Debug|x64.Build.0 = Debug|Any CPU
		{E0B73960-513A-4045-9943-C691094FE19C}.Debug|x86.ActiveCfg = Debug|Any CPU
		{E0B73960-513A-4045-9943-C691094FE19C}.Debug|x86.Build.0 = Debug|Any CPU
		{E0B73960-513A-4045-9943-C691094FE19C}.Release|Any CPU.ActiveCfg = Release|Any CPU
		{E0B73960-513A-4045-9943-C691094FE19C}.Release|Any CPU.Build.0 = Release|Any CPU
		{E0B73960-513A-4045-9943-C691094FE19C}.Release|x64.ActiveCfg = Release|Any CPU
		{E0B73960-513A-4045-9943-C691094FE19C}.Release|x64.Build.0 = Release|Any CPU
		{E0B73960-513A-4045-9943-C691094FE19C}.Release|x86.ActiveCfg = Release|Any CPU
		{E0B73960-513A-4045-9943-C691094FE19C}.Release|x86.Build.0 = Release|Any CPU
		{4461748A-8D85-4D3B-9809-D82737CA5E02}.Debug|Any CPU.ActiveCfg = Debug|Any CPU
		{4461748A-8D85-4D3B-9809-D82737CA5E02}.Debug|Any CPU.Build.0 = Debug|Any CPU
		{4461748A-8D85-4D3B-9809-D82737CA5E02}.Debug|x64.ActiveCfg = Debug|Any CPU
		{4461748A-8D85-4D3B-9809-D82737CA5E02}.Debug|x64.Build.0 = Debug|Any CPU
		{4461748A-8D85-4D3B-9809-D82737CA5E02}.Debug|x86.ActiveCfg = Debug|Any CPU
		{4461748A-8D85-4D3B-9809-D82737CA5E02}.Debug|x86.Build.0 = Debug|Any CPU
		{4461748A-8D85-4D3B-9809-D82737CA5E02}.Release|Any CPU.ActiveCfg = Release|Any CPU
		{4461748A-8D85-4D3B-9809-D82737CA5E02}.Release|Any CPU.Build.0 = Release|Any CPU
		{4461748A-8D85-4D3B-9809-D82737CA5E02}.Release|x64.ActiveCfg = Release|Any CPU
		{4461748A-8D85-4D3B-9809-D82737CA5E02}.Release|x64.Build.0 = Release|Any CPU
		{4461748A-8D85-4D3B-9809-D82737CA5E02}.Release|x86.ActiveCfg = Release|Any CPU
		{4461748A-8D85-4D3B-9809-D82737CA5E02}.Release|x86.Build.0 = Release|Any CPU
		{A1B2C3D4-1111-4A5B-9C6D-7E8F90112233}.Debug|Any CPU.ActiveCfg = Debug|Any CPU
		{A1B2C3D4-1111-4A5B-9C6D-7E8F90112233}.Debug|Any CPU.Build.0 = Debug|Any CPU
		{A1B2C3D4-1111-4A5B-9C6D-7E8F90112233}.Debug|x64.ActiveCfg = Debug|Any CPU
		{A1B2C3D4-1111-4A5B-9C6D-7E8F90112233}.Debug|x64.Build.0 = Debug|Any CPU
		{A1B2C3D4-1111-4A5B-9C6D-7E8F90112233}.Debug|x86.ActiveCfg = Debug|Any CPU
		{A1B2C3D4-1111-4A5B-9C6D-7E8F90112233}.Debug|x86.Build.0 = Debug|Any CPU
		{A1B2C3D4-1111-4A5B-9C6D-7E8F90112233}.Release|Any CPU.ActiveCfg = Release|Any CPU
		{A1B2C3D4-1111-4A5B-9C6D-7E8F90112233}.Release|Any CPU.Build.0 = Release|Any CPU
		{A1B2C3D4-1111-4A5B-9C6D-7E8F90112233}.Release|x64.ActiveCfg = Release|Any CPU
		{A1B2C3D4-1111-4A5B-9C6D-7E8F90112233}.Release|x64.Build.0 = Release|Any CPU
		{A1B2C3D4-1111-4A5B-9C6D-7E8F90112233}.Release|x86.ActiveCfg = Release|Any CPU
		{A1B2C3D4-1111-4A5B-9C6D-7E8F90112233}.Release|x86.Build.0 = Release|Any CPU
		{A1B2C3D4-2222-4A5B-9C6D-7E8F90112233}.Debug|Any CPU.ActiveCfg = Debug|Any CPU
		{A1B2C3D4-2222-4A5B-9C6D-7E8F90112233}.Debug|Any CPU.Build.0 = Debug|Any CPU
		{A1B2C3D4-2222-4A5B-9C6D-7E8F90112233}.Debug|x64.ActiveCfg = Debug|Any CPU
		{A1B2C3D4-2222-4A5B-9C6D-7E8F90112233}.Debug|x64.Build.0 = Debug|Any CPU
		{A1B2C3D4-2222-4A5B-9C6D-7E8F90112233}.Debug|x86.ActiveCfg = Debug|Any CPU
		{A1B2C3D4-2222-4A5B-9C6D-7E8F90112233}.Debug|x86.Build.0 = Debug|Any CPU
		{A1B2C3D4-2222-4A5B-9C6D-7E8F90112233}.Release|Any CPU.ActiveCfg = Release|Any CPU
		{A1B2C3D4-2222-4A5B-9C6D-7E8F90112233}.Release|Any CPU.Build.0 = Release|Any CPU
		{A1B2C3D4-2222-4A5B-9C6D-7E8F90112233}.Release|x64.ActiveCfg = Release|Any CPU
		{A1B2C3D4-2222-4A5B-9C6D-7E8F90112233}.Release|x64.Build.0 = Release|Any CPU
		{A1B2C3D4-2222-4A5B-9C6D-7E8F90112233}.Release|x86.ActiveCfg = Release|Any CPU
		{A1B2C3D4-2222-4A5B-9C6D-7E8F90112233}.Release|x86.Build.0 = Release|Any CPU
		{2D2684F2-9C4E-4E17-8F8F-6AF1A9D99B7C}.Debug|Any CPU.ActiveCfg = Debug|Any CPU
		{2D2684F2-9C4E-4E17-8F8F-6AF1A9D99B7C}.Debug|Any CPU.Build.0 = Debug|Any CPU
		{2D2684F2-9C4E-4E17-8F8F-6AF1A9D99B7C}.Debug|x64.ActiveCfg = Debug|Any CPU
		{2D2684F2-9C4E-4E17-8F8F-6AF1A9D99B7C}.Debug|x64.Build.0 = Debug|Any CPU
		{2D2684F2-9C4E-4E17-8F8F-6AF1A9D99B7C}.Debug|x86.ActiveCfg = Debug|Any CPU
		{2D2684F2-9C4E-4E17-8F8F-6AF1A9D99B7C}.Debug|x86.Build.0 = Debug|Any CPU
		{2D2684F2-9C4E-4E17-8F8F-6AF1A9D99B7C}.Release|Any CPU.ActiveCfg = Release|Any CPU
		{2D2684F2-9C4E-4E17-8F8F-6AF1A9D99B7C}.Release|Any CPU.Build.0 = Release|Any CPU
		{2D2684F2-9C4E-4E17-8F8F-6AF1A9D99B7C}.Release|x64.ActiveCfg = Release|Any CPU
		{2D2684F2-9C4E-4E17-8F8F-6AF1A9D99B7C}.Release|x64.Build.0 = Release|Any CPU
		{2D2684F2-9C4E-4E17-8F8F-6AF1A9D99B7C}.Release|x86.ActiveCfg = Release|Any CPU
		{2D2684F2-9C4E-4E17-8F8F-6AF1A9D99B7C}.Release|x86.Build.0 = Release|Any CPU
		{EB68396A-A7C0-48EB-BFE2-BA5589881575}.Debug|Any CPU.ActiveCfg = Debug|Any CPU
		{EB68396A-A7C0-48EB-BFE2-BA5589881575}.Debug|Any CPU.Build.0 = Debug|Any CPU
		{EB68396A-A7C0-48EB-BFE2-BA5589881575}.Debug|x64.ActiveCfg = Debug|Any CPU
		{EB68396A-A7C0-48EB-BFE2-BA5589881575}.Debug|x64.Build.0 = Debug|Any CPU
		{EB68396A-A7C0-48EB-BFE2-BA5589881575}.Debug|x86.ActiveCfg = Debug|Any CPU
		{EB68396A-A7C0-48EB-BFE2-BA5589881575}.Debug|x86.Build.0 = Debug|Any CPU
		{EB68396A-A7C0-48EB-BFE2-BA5589881575}.Release|Any CPU.ActiveCfg = Release|Any CPU
		{EB68396A-A7C0-48EB-BFE2-BA5589881575}.Release|Any CPU.Build.0 = Release|Any CPU
		{EB68396A-A7C0-48EB-BFE2-BA5589881575}.Release|x64.ActiveCfg = Release|Any CPU
		{EB68396A-A7C0-48EB-BFE2-BA5589881575}.Release|x64.Build.0 = Release|Any CPU
		{EB68396A-A7C0-48EB-BFE2-BA5589881575}.Release|x86.ActiveCfg = Release|Any CPU
		{EB68396A-A7C0-48EB-BFE2-BA5589881575}.Release|x86.Build.0 = Release|Any CPU
	EndGlobalSection
	GlobalSection(SolutionProperties) = preSolution
		HideSolutionNode = FALSE
	EndGlobalSection
	GlobalSection(NestedProjects) = preSolution
		{F6326545-104F-41D4-A111-B0152B49AF86} = {827E0CD3-B72D-47B6-A68D-7590B98EB39B}
		{E0B73960-513A-4045-9943-C691094FE19C} = {827E0CD3-B72D-47B6-A68D-7590B98EB39B}
		{4461748A-8D85-4D3B-9809-D82737CA5E02} = {0AB3BF05-4346-4AA6-1389-037BE0695223}
		{A1B2C3D4-1111-4A5B-9C6D-7E8F90112233} = {0AB3BF05-4346-4AA6-1389-037BE0695223}
		{A1B2C3D4-2222-4A5B-9C6D-7E8F90112233} = {0AB3BF05-4346-4AA6-1389-037BE0695223}
		{2D2684F2-9C4E-4E17-8F8F-6AF1A9D99B7C} = {827E0CD3-B72D-47B6-A68D-7590B98EB39B}
		{EB68396A-A7C0-48EB-BFE2-BA5589881575} = {827E0CD3-B72D-47B6-A68D-7590B98EB39B}
	EndGlobalSection
EndGlobal
