
Microsoft Visual Studio Solution File, Format Version 12.00
# Visual Studio Version 17
VisualStudioVersion = 17.0.31903.59
MinimumVisualStudioVersion = 10.0.40219.1
Project("{2150E333-8FDC-42A3-9474-1A3956D46DE8}") = "src", "src", "{827E0CD3-B72D-47B6-A68D-7590B98EB39B}"
EndProject
Project("{FAE04EC0-301F-11D3-BF4B-00C04F79EFBC}") = "Net.Agora.Video", "src\Net.Agora.Video\Net.Agora.Video.csproj", "{F6326545-104F-41D4-A111-B0152B49AF86}"
EndProject
Project("{FAE04EC0-301F-11D3-BF4B-00C04F79EFBC}") = "Net.Agora.Video.Maui", "src\Net.Agora.Video.Maui\Net.Agora.Video.Maui.csproj", "{E0B73960-513A-4045-9943-C691094FE19C}"
EndProject
Project("{2150E333-8FDC-42A3-9474-1A3956D46DE8}") = "tests", "tests", "{0AB3BF05-4346-4AA6-1389-037BE0695223}"
EndProject
Project("{FAE04EC0-301F-11D3-BF4B-00C04F79EFBC}") = "Net.Agora.PackageTests", "tests\Net.Agora.PackageTests\Net.Agora.PackageTests.csproj", "{4461748A-8D85-4D3B-9809-D82737CA5E02}"
EndProject
Project("{FAE04EC0-301F-11D3-BF4B-00C04F79EFBC}") = "Net.Agora.UnitTests", "tests\Net.Agora.UnitTests\Net.Agora.UnitTests.csproj", "{A1B2C3D4-1111-4A5B-9C6D-7E8F90112233}"
EndProject
Project("{FAE04EC0-301F-11D3-BF4B-00C04F79EFBC}") = "Net.Agora.DeviceTests", "tests\Net.Agora.DeviceTests\Net.Agora.DeviceTests.csproj", "{A1B2C3D4-2222-4A5B-9C6D-7E8F90112233}"
EndProject
Project("{FAE04EC0-301F-11D3-BF4B-00C04F79EFBC}") = "Net.Agora.Voice", "src\Net.Agora.Voice\Net.Agora.Voice.csproj", "{2D2684F2-9C4E-4E17-8F8F-6AF1A9D99B7C}"
EndProject
Project("{FAE04EC0-301F-11D3-BF4B-00C04F79EFBC}") = "Net.Agora.Voice.Maui", "src\Net.Agora.Voice.Maui\Net.Agora.Voice.Maui.csproj", "{EB68396A-A7C0-48EB-BFE2-BA5589881575}"
EndProject
Project("{FAE04EC0-301F-11D3-BF4B-00C04F79EFBC}") = "Net.Agora.Signaling", "src\Net.Agora.Signaling\Net.Agora.Signaling.csproj", "{6986E4A7-47CA-4304-A84C-4D024787F31D}"
EndProject
Project("{FAE04EC0-301F-11D3-BF4B-00C04F79EFBC}") = "Net.Agora.Chat", "src\Net.Agora.Chat\Net.Agora.Chat.csproj", "{30A685A7-E97B-40A4-9CC2-EEB378F1E588}"
EndProject
Project("{FAE04EC0-301F-11D3-BF4B-00C04F79EFBC}") = "Net.Agora.Chat.Maui", "src\Net.Agora.Chat.Maui\Net.Agora.Chat.Maui.csproj", "{0F80B5BD-4797-4D14-BF70-162D5162D446}"
EndProject
Project("{FAE04EC0-301F-11D3-BF4B-00C04F79EFBC}") = "Net.Agora.Whiteboard", "src\Net.Agora.Whiteboard\Net.Agora.Whiteboard.csproj", "{53C75A9E-4776-4FA3-B8AC-05134F5D5BF9}"
EndProject
Project("{FAE04EC0-301F-11D3-BF4B-00C04F79EFBC}") = "Net.Agora.Whiteboard.Maui", "src\Net.Agora.Whiteboard.Maui\Net.Agora.Whiteboard.Maui.csproj", "{15E43359-75D0-4002-A2AD-AD660DA9E26D}"
EndProject
Project("{FAE04EC0-301F-11D3-BF4B-00C04F79EFBC}") = "Net.Agora.Fastboard", "src\Net.Agora.Fastboard\Net.Agora.Fastboard.csproj", "{12C39664-85B9-4BE4-A96F-D2650A9E357E}"
EndProject
Project("{FAE04EC0-301F-11D3-BF4B-00C04F79EFBC}") = "Net.Agora.Fastboard.Maui", "src\Net.Agora.Fastboard.Maui\Net.Agora.Fastboard.Maui.csproj", "{C8056596-E86F-4132-B96E-E2A6CB54BC6B}"
EndProject
Global
	GlobalSection(SolutionConfigurationPlatforms) = preSolution
		Debug|Any CPU = Debug|Any CPU
		Debug|x64 = Debug|x64
		Debug|x86 = Debug|x86
		Release|Any CPU = Release|Any CPU
		Release|x64 = Release|x64
		Release|x86 = Release|x86
	EndGlobalSection
	GlobalSection(ProjectConfigurationPlatforms) = postSolution
		{F6326545-104F-41D4-A111-B0152B49AF86}.Debug|Any CPU.ActiveCfg = Debug|Any CPU
		{F6326545-104F-41D4-A111-B0152B49AF86}.Debug|Any CPU.Build.0 = Debug|Any CPU
		{F6326545-104F-41D4-A111-B0152B49AF86}.Debug|x64.ActiveCfg = Debug|Any CPU
		{F6326545-104F-41D4-A111-B0152B49AF86}.Debug|x64.Build.0 = Debug|Any CPU
		{F6326545-104F-41D4-A111-B0152B49AF86}.Debug|x86.ActiveCfg = Debug|Any CPU
		{F6326545-104F-41D4-A111-B0152B49AF86}.Debug|x86.Build.0 = Debug|Any CPU
		{F6326545-104F-41D4-A111-B0152B49AF86}.Release|Any CPU.ActiveCfg = Release|Any CPU
		{F6326545-104F-41D4-A111-B0152B49AF86}.Release|Any CPU.Build.0 = Release|Any CPU
		{F6326545-104F-41D4-A111-B0152B49AF86}.Release|x64.ActiveCfg = Release|Any CPU
		{F6326545-104F-41D4-A111-B0152B49AF86}.Release|x64.Build.0 = Release|Any CPU
		{F6326545-104F-41D4-A111-B0152B49AF86}.Release|x86.ActiveCfg = Release|Any CPU
		{F6326545-104F-41D4-A111-B0152B49AF86}.Release|x86.Build.0 = Release|Any CPU
		{E0B73960-513A-4045-9943-C691094FE19C}.Debug|Any CPU.ActiveCfg = Debug|Any CPU
		{E0B73960-513A-4045-9943-C691094FE19C}.Debug|Any CPU.Build.0 = Debug|Any CPU
		{E0B73960-513A-4045-9943-C691094FE19C}.Debug|x64.ActiveCfg = Debug|Any CPU
		{E0B73960-513A-4045-9943-C691094FE19C}.Debug|x64.Build.0 = Debug|Any CPU
		{E0B73960-513A-4045-9943-C691094FE19C}.Debug|x86.ActiveCfg = Debug|Any CPU
		{E0B73960-513A-4045-9943-C691094FE19C}.Debug|x86.Build.0 = Debug|Any CPU
		{E0B73960-513A-4045-9943-C691094FE19C}.Release|Any CPU.ActiveCfg = Release|Any CPU
		{E0B73960-513A-4045-9943-C691094FE19C}.Release|Any CPU.Build.0 = Release|Any CPU
		{E0B73960-513A-4045-9943-C691094FE19C}.Release|x64.ActiveCfg = Release|Any CPU
		{E0B73960-513A-4045-9943-C691094FE19C}.Release|x64.Build.0 = Release|Any CPU
		{E0B73960-513A-4045-9943-C691094FE19C}.Release|x86.ActiveCfg = Release|Any CPU
		{E0B73960-513A-4045-9943-C691094FE19C}.Release|x86.Build.0 = Release|Any CPU
		{4461748A-8D85-4D3B-9809-D82737CA5E02}.Debug|Any CPU.ActiveCfg = Debug|Any CPU
		{4461748A-8D85-4D3B-9809-D82737CA5E02}.Debug|Any CPU.Build.0 = Debug|Any CPU
		{4461748A-8D85-4D3B-9809-D82737CA5E02}.Debug|x64.ActiveCfg = Debug|Any CPU
		{4461748A-8D85-4D3B-9809-D82737CA5E02}.Debug|x64.Build.0 = Debug|Any CPU
		{4461748A-8D85-4D3B-9809-D82737CA5E02}.Debug|x86.ActiveCfg = Debug|Any CPU
		{4461748A-8D85-4D3B-9809-D82737CA5E02}.Debug|x86.Build.0 = Debug|Any CPU
		{4461748A-8D85-4D3B-9809-D82737CA5E02}.Release|Any CPU.ActiveCfg = Release|Any CPU
		{4461748A-8D85-4D3B-9809-D82737CA5E02}.Release|Any CPU.Build.0 = Release|Any CPU
		{4461748A-8D85-4D3B-9809-D82737CA5E02}.Release|x64.ActiveCfg = Release|Any CPU
		{4461748A-8D85-4D3B-9809-D82737CA5E02}.Release|x64.Build.0 = Release|Any CPU
		{4461748A-8D85-4D3B-9809-D82737CA5E02}.Release|x86.ActiveCfg = Release|Any CPU
		{4461748A-8D85-4D3B-9809-D82737CA5E02}.Release|x86.Build.0 = Release|Any CPU
		{A1B2C3D4-1111-4A5B-9C6D-7E8F90112233}.Debug|Any CPU.ActiveCfg = Debug|Any CPU
		{A1B2C3D4-1111-4A5B-9C6D-7E8F90112233}.Debug|Any CPU.Build.0 = Debug|Any CPU
		{A1B2C3D4-1111-4A5B-9C6D-7E8F90112233}.Debug|x64.ActiveCfg = Debug|Any CPU
		{A1B2C3D4-1111-4A5B-9C6D-7E8F90112233}.Debug|x64.Build.0 = Debug|Any CPU
		{A1B2C3D4-1111-4A5B-9C6D-7E8F90112233}.Debug|x86.ActiveCfg = Debug|Any CPU
		{A1B2C3D4-1111-4A5B-9C6D-7E8F90112233}.Debug|x86.Build.0 = Debug|Any CPU
		{A1B2C3D4-1111-4A5B-9C6D-7E8F90112233}.Release|Any CPU.ActiveCfg = Release|Any CPU
		{A1B2C3D4-1111-4A5B-9C6D-7E8F90112233}.Release|Any CPU.Build.0 = Release|Any CPU
		{A1B2C3D4-1111-4A5B-9C6D-7E8F90112233}.Release|x64.ActiveCfg = Release|Any CPU
		{A1B2C3D4-1111-4A5B-9C6D-7E8F90112233}.Release|x64.Build.0 = Release|Any CPU
		{A1B2C3D4-1111-4A5B-9C6D-7E8F90112233}.Release|x86.ActiveCfg = Release|Any CPU
		{A1B2C3D4-1111-4A5B-9C6D-7E8F90112233}.Release|x86.Build.0 = Release|Any CPU
		{A1B2C3D4-2222-4A5B-9C6D-7E8F90112233}.Debug|Any CPU.ActiveCfg = Debug|Any CPU
		{A1B2C3D4-2222-4A5B-9C6D-7E8F90112233}.Debug|Any CPU.Build.0 = Debug|Any CPU
		{A1B2C3D4-2222-4A5B-9C6D-7E8F90112233}.Debug|x64.ActiveCfg = Debug|Any CPU
		{A1B2C3D4-2222-4A5B-9C6D-7E8F90112233}.Debug|x64.Build.0 = Debug|Any CPU
		{A1B2C3D4-2222-4A5B-9C6D-7E8F90112233}.Debug|x86.ActiveCfg = Debug|Any CPU
		{A1B2C3D4-2222-4A5B-9C6D-7E8F90112233}.Debug|x86.Build.0 = Debug|Any CPU
		{A1B2C3D4-2222-4A5B-9C6D-7E8F90112233}.Release|Any CPU.ActiveCfg = Release|Any CPU
		{A1B2C3D4-2222-4A5B-9C6D-7E8F90112233}.Release|Any CPU.Build.0 = Release|Any CPU
		{A1B2C3D4-2222-4A5B-9C6D-7E8F90112233}.Release|x64.ActiveCfg = Release|Any CPU
		{A1B2C3D4-2222-4A5B-9C6D-7E8F90112233}.Release|x64.Build.0 = Release|Any CPU
		{A1B2C3D4-2222-4A5B-9C6D-7E8F90112233}.Release|x86.ActiveCfg = Release|Any CPU
		{A1B2C3D4-2222-4A5B-9C6D-7E8F90112233}.Release|x86.Build.0 = Release|Any CPU
		{2D2684F2-9C4E-4E17-8F8F-6AF1A9D99B7C}.Debug|Any CPU.ActiveCfg = Debug|Any CPU
		{2D2684F2-9C4E-4E17-8F8F-6AF1A9D99B7C}.Debug|Any CPU.Build.0 = Debug|Any CPU
		{2D2684F2-9C4E-4E17-8F8F-6AF1A9D99B7C}.Debug|x64.ActiveCfg = Debug|Any CPU
		{2D2684F2-9C4E-4E17-8F8F-6AF1A9D99B7C}.Debug|x64.Build.0 = Debug|Any CPU
		{2D2684F2-9C4E-4E17-8F8F-6AF1A9D99B7C}.Debug|x86.ActiveCfg = Debug|Any CPU
		{2D2684F2-9C4E-4E17-8F8F-6AF1A9D99B7C}.Debug|x86.Build.0 = Debug|Any CPU
		{2D2684F2-9C4E-4E17-8F8F-6AF1A9D99B7C}.Release|Any CPU.ActiveCfg = Release|Any CPU
		{2D2684F2-9C4E-4E17-8F8F-6AF1A9D99B7C}.Release|Any CPU.Build.0 = Release|Any CPU
		{2D2684F2-9C4E-4E17-8F8F-6AF1A9D99B7C}.Release|x64.ActiveCfg = Release|Any CPU
		{2D2684F2-9C4E-4E17-8F8F-6AF1A9D99B7C}.Release|x64.Build.0 = Release|Any CPU
		{2D2684F2-9C4E-4E17-8F8F-6AF1A9D99B7C}.Release|x86.ActiveCfg = Release|Any CPU
		{2D2684F2-9C4E-4E17-8F8F-6AF1A9D99B7C}.Release|x86.Build.0 = Release|Any CPU
		{EB68396A-A7C0-48EB-BFE2-BA5589881575}.Debug|Any CPU.ActiveCfg = Debug|Any CPU
		{EB68396A-A7C0-48EB-BFE2-BA5589881575}.Debug|Any CPU.Build.0 = Debug|Any CPU
		{EB68396A-A7C0-48EB-BFE2-BA5589881575}.Debug|x64.ActiveCfg = Debug|Any CPU
		{EB68396A-A7C0-48EB-BFE2-BA5589881575}.Debug|x64.Build.0 = Debug|Any CPU
		{EB68396A-A7C0-48EB-BFE2-BA5589881575}.Debug|x86.ActiveCfg = Debug|Any CPU
		{EB68396A-A7C0-48EB-BFE2-BA5589881575}.Debug|x86.Build.0 = Debug|Any CPU
		{EB68396A-A7C0-48EB-BFE2-BA5589881575}.Release|Any CPU.ActiveCfg = Release|Any CPU
		{EB68396A-A7C0-48EB-BFE2-BA5589881575}.Release|Any CPU.Build.0 = Release|Any CPU
		{EB68396A-A7C0-48EB-BFE2-BA5589881575}.Release|x64.ActiveCfg = Release|Any CPU
		{EB68396A-A7C0-48EB-BFE2-BA5589881575}.Release|x64.Build.0 = Release|Any CPU
		{EB68396A-A7C0-48EB-BFE2-BA5589881575}.Release|x86.ActiveCfg = Release|Any CPU
		{EB68396A-A7C0-48EB-BFE2-BA5589881575}.Release|x86.Build.0 = Release|Any CPU
		{6986E4A7-47CA-4304-A84C-4D024787F31D}.Debug|Any CPU.ActiveCfg = Debug|Any CPU
		{6986E4A7-47CA-4304-A84C-4D024787F31D}.Debug|Any CPU.Build.0 = Debug|Any CPU
		{6986E4A7-47CA-4304-A84C-4D024787F31D}.Debug|x64.ActiveCfg = Debug|Any CPU
		{6986E4A7-47CA-4304-A84C-4D024787F31D}.Debug|x64.Build.0 = Debug|Any CPU
		{6986E4A7-47CA-4304-A84C-4D024787F31D}.Debug|x86.ActiveCfg = Debug|Any CPU
		{6986E4A7-47CA-4304-A84C-4D024787F31D}.Debug|x86.Build.0 = Debug|Any CPU
		{6986E4A7-47CA-4304-A84C-4D024787F31D}.Release|Any CPU.ActiveCfg = Release|Any CPU
		{6986E4A7-47CA-4304-A84C-4D024787F31D}.Release|Any CPU.Build.0 = Release|Any CPU
		{6986E4A7-47CA-4304-A84C-4D024787F31D}.Release|x64.ActiveCfg = Release|Any CPU
		{6986E4A7-47CA-4304-A84C-4D024787F31D}.Release|x64.Build.0 = Release|Any CPU
		{6986E4A7-47CA-4304-A84C-4D024787F31D}.Release|x86.ActiveCfg = Release|Any CPU
		{6986E4A7-47CA-4304-A84C-4D024787F31D}.Release|x86.Build.0 = Release|Any CPU
		{30A685A7-E97B-40A4-9CC2-EEB378F1E588}.Debug|Any CPU.ActiveCfg = Debug|Any CPU
		{30A685A7-E97B-40A4-9CC2-EEB378F1E588}.Debug|Any CPU.Build.0 = Debug|Any CPU
		{30A685A7-E97B-40A4-9CC2-EEB378F1E588}.Debug|x64.ActiveCfg = Debug|Any CPU
		{30A685A7-E97B-40A4-9CC2-EEB378F1E588}.Debug|x64.Build.0 = Debug|Any CPU
		{30A685A7-E97B-40A4-9CC2-EEB378F1E588}.Debug|x86.ActiveCfg = Debug|Any CPU
		{30A685A7-E97B-40A4-9CC2-EEB378F1E588}.Debug|x86.Build.0 = Debug|Any CPU
		{30A685A7-E97B-40A4-9CC2-EEB378F1E588}.Release|Any CPU.ActiveCfg = Release|Any CPU
		{30A685A7-E97B-40A4-9CC2-EEB378F1E588}.Release|Any CPU.Build.0 = Release|Any CPU
		{30A685A7-E97B-40A4-9CC2-EEB378F1E588}.Release|x64.ActiveCfg = Release|Any CPU
		{30A685A7-E97B-40A4-9CC2-EEB378F1E588}.Release|x64.Build.0 = Release|Any CPU
		{30A685A7-E97B-40A4-9CC2-EEB378F1E588}.Release|x86.ActiveCfg = Release|Any CPU
		{30A685A7-E97B-40A4-9CC2-EEB378F1E588}.Release|x86.Build.0 = Release|Any CPU
		{0F80B5BD-4797-4D14-BF70-162D5162D446}.Debug|Any CPU.ActiveCfg = Debug|Any CPU
		{0F80B5BD-4797-4D14-BF70-162D5162D446}.Debug|Any CPU.Build.0 = Debug|Any CPU
		{0F80B5BD-4797-4D14-BF70-162D5162D446}.Debug|x64.ActiveCfg = Debug|Any CPU
		{0F80B5BD-4797-4D14-BF70-162D5162D446}.Debug|x64.Build.0 = Debug|Any CPU
		{0F80B5BD-4797-4D14-BF70-162D5162D446}.Debug|x86.ActiveCfg = Debug|Any CPU
		{0F80B5BD-4797-4D14-BF70-162D5162D446}.Debug|x86.Build.0 = Debug|Any CPU
		{0F80B5BD-4797-4D14-BF70-162D5162D446}.Release|Any CPU.ActiveCfg = Release|Any CPU
		{0F80B5BD-4797-4D14-BF70-162D5162D446}.Release|Any CPU.Build.0 = Release|Any CPU
		{0F80B5BD-4797-4D14-BF70-162D5162D446}.Release|x64.ActiveCfg = Release|Any CPU
		{0F80B5BD-4797-4D14-BF70-162D5162D446}.Release|x64.Build.0 = Release|Any CPU
		{0F80B5BD-4797-4D14-BF70-162D5162D446}.Release|x86.ActiveCfg = Release|Any CPU
		{0F80B5BD-4797-4D14-BF70-162D5162D446}.Release|x86.Build.0 = Release|Any CPU
		{53C75A9E-4776-4FA3-B8AC-05134F5D5BF9}.Debug|Any CPU.ActiveCfg = Debug|Any CPU
		{53C75A9E-4776-4FA3-B8AC-05134F5D5BF9}.Debug|Any CPU.Build.0 = Debug|Any CPU
		{53C75A9E-4776-4FA3-B8AC-05134F5D5BF9}.Debug|x64.ActiveCfg = Debug|Any CPU
		{53C75A9E-4776-4FA3-B8AC-05134F5D5BF9}.Debug|x64.Build.0 = Debug|Any CPU
		{53C75A9E-4776-4FA3-B8AC-05134F5D5BF9}.Debug|x86.ActiveCfg = Debug|Any CPU
		{53C75A9E-4776-4FA3-B8AC-05134F5D5BF9}.Debug|x86.Build.0 = Debug|Any CPU
		{53C75A9E-4776-4FA3-B8AC-05134F5D5BF9}.Release|Any CPU.ActiveCfg = Release|Any CPU
		{53C75A9E-4776-4FA3-B8AC-05134F5D5BF9}.Release|Any CPU.Build.0 = Release|Any CPU
		{53C75A9E-4776-4FA3-B8AC-05134F5D5BF9}.Release|x64.ActiveCfg = Release|Any CPU
		{53C75A9E-4776-4FA3-B8AC-05134F5D5BF9}.Release|x64.Build.0 = Release|Any CPU
		{53C75A9E-4776-4FA3-B8AC-05134F5D5BF9}.Release|x86.ActiveCfg = Release|Any CPU
		{53C75A9E-4776-4FA3-B8AC-05134F5D5BF9}.Release|x86.Build.0 = Release|Any CPU
		{15E43359-75D0-4002-A2AD-AD660DA9E26D}.Debug|Any CPU.ActiveCfg = Debug|Any CPU
		{15E43359-75D0-4002-A2AD-AD660DA9E26D}.Debug|Any CPU.Build.0 = Debug|Any CPU
		{15E43359-75D0-4002-A2AD-AD660DA9E26D}.Debug|x64.ActiveCfg = Debug|Any CPU
		{15E43359-75D0-4002-A2AD-AD660DA9E26D}.Debug|x64.Build.0 = Debug|Any CPU
		{15E43359-75D0-4002-A2AD-AD660DA9E26D}.Debug|x86.ActiveCfg = Debug|Any CPU
		{15E43359-75D0-4002-A2AD-AD660DA9E26D}.Debug|x86.Build.0 = Debug|Any CPU
		{15E43359-75D0-4002-A2AD-AD660DA9E26D}.Release|Any CPU.ActiveCfg = Release|Any CPU
		{15E43359-75D0-4002-A2AD-AD660DA9E26D}.Release|Any CPU.Build.0 = Release|Any CPU
		{15E43359-75D0-4002-A2AD-AD660DA9E26D}.Release|x64.ActiveCfg = Release|Any CPU
		{15E43359-75D0-4002-A2AD-AD660DA9E26D}.Release|x64.Build.0 = Release|Any CPU
		{15E43359-75D0-4002-A2AD-AD660DA9E26D}.Release|x86.ActiveCfg = Release|Any CPU
		{15E43359-75D0-4002-A2AD-AD660DA9E26D}.Release|x86.Build.0 = Release|Any CPU
		{12C39664-85B9-4BE4-A96F-D2650A9E357E}.Debug|Any CPU.ActiveCfg = Debug|Any CPU
		{12C39664-85B9-4BE4-A96F-D2650A9E357E}.Debug|Any CPU.Build.0 = Debug|Any CPU
		{12C39664-85B9-4BE4-A96F-D2650A9E357E}.Debug|x64.ActiveCfg = Debug|Any CPU
		{12C39664-85B9-4BE4-A96F-D2650A9E357E}.Debug|x64.Build.0 = Debug|Any CPU
		{12C39664-85B9-4BE4-A96F-D2650A9E357E}.Debug|x86.ActiveCfg = Debug|Any CPU
		{12C39664-85B9-4BE4-A96F-D2650A9E357E}.Debug|x86.Build.0 = Debug|Any CPU
		{12C39664-85B9-4BE4-A96F-D2650A9E357E}.Release|Any CPU.ActiveCfg = Release|Any CPU
		{12C39664-85B9-4BE4-A96F-D2650A9E357E}.Release|Any CPU.Build.0 = Release|Any CPU
		{12C39664-85B9-4BE4-A96F-D2650A9E357E}.Release|x64.ActiveCfg = Release|Any CPU
		{12C39664-85B9-4BE4-A96F-D2650A9E357E}.Release|x64.Build.0 = Release|Any CPU
		{12C39664-85B9-4BE4-A96F-D2650A9E357E}.Release|x86.ActiveCfg = Release|Any CPU
		{12C39664-85B9-4BE4-A96F-D2650A9E357E}.Release|x86.Build.0 = Release|Any CPU
		{C8056596-E86F-4132-B96E-E2A6CB54BC6B}.Debug|Any CPU.ActiveCfg = Debug|Any CPU
		{C8056596-E86F-4132-B96E-E2A6CB54BC6B}.Debug|Any CPU.Build.0 = Debug|Any CPU
		{C8056596-E86F-4132-B96E-E2A6CB54BC6B}.Debug|x64.ActiveCfg = Debug|Any CPU
		{C8056596-E86F-4132-B96E-E2A6CB54BC6B}.Debug|x64.Build.0 = Debug|Any CPU
		{C8056596-E86F-4132-B96E-E2A6CB54BC6B}.Debug|x86.ActiveCfg = Debug|Any CPU
		{C8056596-E86F-4132-B96E-E2A6CB54BC6B}.Debug|x86.Build.0 = Debug|Any CPU
		{C8056596-E86F-4132-B96E-E2A6CB54BC6B}.Release|Any CPU.ActiveCfg = Release|Any CPU
		{C8056596-E86F-4132-B96E-E2A6CB54BC6B}.Release|Any CPU.Build.0 = Release|Any CPU
		{C8056596-E86F-4132-B96E-E2A6CB54BC6B}.Release|x64.ActiveCfg = Release|Any CPU
		{C8056596-E86F-4132-B96E-E2A6CB54BC6B}.Release|x64.Build.0 = Release|Any CPU
		{C8056596-E86F-4132-B96E-E2A6CB54BC6B}.Release|x86.ActiveCfg = Release|Any CPU
		{C8056596-E86F-4132-B96E-E2A6CB54BC6B}.Release|x86.Build.0 = Release|Any CPU
	EndGlobalSection
	GlobalSection(SolutionProperties) = preSolution
		HideSolutionNode = FALSE
	EndGlobalSection
	GlobalSection(NestedProjects) = preSolution
		{F6326545-104F-41D4-A111-B0152B49AF86} = {827E0CD3-B72D-47B6-A68D-7590B98EB39B}
		{E0B73960-513A-4045-9943-C691094FE19C} = {827E0CD3-B72D-47B6-A68D-7590B98EB39B}
		{4461748A-8D85-4D3B-9809-D82737CA5E02} = {0AB3BF05-4346-4AA6-1389-037BE0695223}
		{A1B2C3D4-1111-4A5B-9C6D-7E8F90112233} = {0AB3BF05-4346-4AA6-1389-037BE0695223}
		{A1B2C3D4-2222-4A5B-9C6D-7E8F90112233} = {0AB3BF05-4346-4AA6-1389-037BE0695223}
		{2D2684F2-9C4E-4E17-8F8F-6AF1A9D99B7C} = {827E0CD3-B72D-47B6-A68D-7590B98EB39B}
		{EB68396A-A7C0-48EB-BFE2-BA5589881575} = {827E0CD3-B72D-47B6-A68D-7590B98EB39B}
		{6986E4A7-47CA-4304-A84C-4D024787F31D} = {827E0CD3-B72D-47B6-A68D-7590B98EB39B}
		{30A685A7-E97B-40A4-9CC2-EEB378F1E588} = {827E0CD3-B72D-47B6-A68D-7590B98EB39B}
		{0F80B5BD-4797-4D14-BF70-162D5162D446} = {827E0CD3-B72D-47B6-A68D-7590B98EB39B}
		{53C75A9E-4776-4FA3-B8AC-05134F5D5BF9} = {827E0CD3-B72D-47B6-A68D-7590B98EB39B}
		{15E43359-75D0-4002-A2AD-AD660DA9E26D} = {827E0CD3-B72D-47B6-A68D-7590B98EB39B}
		{12C39664-85B9-4BE4-A96F-D2650A9E357E} = {827E0CD3-B72D-47B6-A68D-7590B98EB39B}
		{C8056596-E86F-4132-B96E-E2A6CB54BC6B} = {827E0CD3-B72D-47B6-A68D-7590B98EB39B}
	EndGlobalSection
EndGlobal
